{
  "name": "scripts",
  "lockfileVersion": 3,
  "requires": true,
  "packages": {
    "": {
      "dependencies": {
        "@tencent/beacon-node-new-sdk": "^4.2.11"
      }
    },
    "node_modules/@tencent/beacon-main-core": {
      "version": "2.1.2",
      "resolved": "https://mirrors.tencent.com/npm/@tencent/beacon-main-core/-/@tencent/beacon-main-core-2.1.2.tgz",
      "integrity": "sha512-7FJekHiw3A7CrSzbdqu7nGgzv6ZzCLvRNenX9oru6h8uiVONXLxApc4MRS25JZgbNWLtRGtp9Hy31K89+ac/nA=="
    },
    "node_modules/@tencent/beacon-node-new-sdk": {
      "version": "4.2.11",
      "resolved": "https://mirrors.tencent.com/npm/@tencent/beacon-node-new-sdk/-/@tencent/beacon-node-new-sdk-4.2.11.tgz",
      "integrity": "sha512-7n0dDBuZvtqixcNPeP96u/3/dSHvBMRlwnMDoEMygdqeVOasKeFbSchE5YOiR5zrKr/kD2+8ILZaRNn8YDtPkA==",
      "dependencies": {
        "@tencent/beacon-main-core": "2.1.2"
      }
    }
  }
}
